// !$*UTF8*$!
{
	archiveVersion = 1;
	classes = {
	};
	objectVersion = 56;
	objects = {

/* Begin PBXBuildFile section */
		B548B00B2A4307E9002CD580 /* LyGiaQuyenNotesApp.swift in Sources */ = {isa = PBXBuildFile; fileRef = B548B00A2A4307E9002CD580 /* LyGiaQuyenNotesApp.swift */; };
		B548B00F2A4307EB002CD580 /* Assets.xcassets in Resources */ = {isa = PBXBuildFile; fileRef = B548B00E2A4307EB002CD580 /* Assets.xcassets */; };
		B548B0132A4307EB002CD580 /* Preview Assets.xcassets in Resources */ = {isa = PBXBuildFile; fileRef = B548B0122A4307EB002CD580 /* Preview Assets.xcassets */; };
		B548B01D2A4307EB002CD580 /* LyGiaQuyenNotesTests.swift in Sources */ = {isa = PBXBuildFile; fileRef = B548B01C2A4307EB002CD580 /* LyGiaQuyenNotesTests.swift */; };
		B548B0272A4307EB002CD580 /* LyGiaQuyenNotesUITests.swift in Sources */ = {isa = PBXBuildFile; fileRef = B548B0262A4307EB002CD580 /* LyGiaQuyenNotesUITests.swift */; };
		B548B0292A4307EB002CD580 /* LyGiaQuyenNotesUITestsLaunchTests.swift in Sources */ = {isa = PBXBuildFile; fileRef = B548B0282A4307EB002CD580 /* LyGiaQuyenNotesUITestsLaunchTests.swift */; };
		B56663332A44993A007FA9DA /* Color+Extension.swift in Sources */ = {isa = PBXBuildFile; fileRef = B56663322A44993A007FA9DA /* Color+Extension.swift */; };
		B56663352A449953007FA9DA /* Date+Extension.swift in Sources */ = {isa = PBXBuildFile; fileRef = B56663342A449953007FA9DA /* Date+Extension.swift */; };
		B56663372A44996F007FA9DA /* String+Extension.swift in Sources */ = {isa = PBXBuildFile; fileRef = B56663362A44996F007FA9DA /* String+Extension.swift */; };
		B56663392A4499AE007FA9DA /* Notification+Extension.swift in Sources */ = {isa = PBXBuildFile; fileRef = B56663382A4499AE007FA9DA /* Notification+Extension.swift */; };
		B566633C2A4499D0007FA9DA /* BaseObservableObject.swift in Sources */ = {isa = PBXBuildFile; fileRef = B566633B2A4499D0007FA9DA /* BaseObservableObject.swift */; };
		B566633F2A4499F8007FA9DA /* FireBaseManager.swift in Sources */ = {isa = PBXBuildFile; fileRef = B566633E2A4499F8007FA9DA /* FireBaseManager.swift */; };
		B56663432A449A2A007FA9DA /* ProgressIndicatior.swift in Sources */ = {isa = PBXBuildFile; fileRef = B56663422A449A2A007FA9DA /* ProgressIndicatior.swift */; };
		B56663462A449A44007FA9DA /* TextFieldView.swift in Sources */ = {isa = PBXBuildFile; fileRef = B56663452A449A44007FA9DA /* TextFieldView.swift */; };
		B56663492A449A5B007FA9DA /* SecureTextFieldView.swift in Sources */ = {isa = PBXBuildFile; fileRef = B56663482A449A5B007FA9DA /* SecureTextFieldView.swift */; };
		B566634C2A449A75007FA9DA /* AlertModifier.swift in Sources */ = {isa = PBXBuildFile; fileRef = B566634B2A449A75007FA9DA /* AlertModifier.swift */; };
		B56663542A449AF1007FA9DA /* HomeViewModel.swift in Sources */ = {isa = PBXBuildFile; fileRef = B56663532A449AF1007FA9DA /* HomeViewModel.swift */; };
		B56663562A449B09007FA9DA /* NotesResponse.swift in Sources */ = {isa = PBXBuildFile; fileRef = B56663552A449B09007FA9DA /* NotesResponse.swift */; };
		B56663582A449B21007FA9DA /* HomeView.swift in Sources */ = {isa = PBXBuildFile; fileRef = B56663572A449B21007FA9DA /* HomeView.swift */; };
		B566635A2A449B68007FA9DA /* NotesListView.swift in Sources */ = {isa = PBXBuildFile; fileRef = B56663592A449B68007FA9DA /* NotesListView.swift */; };
		B566635E2A449BAA007FA9DA /* SplashView.swift in Sources */ = {isa = PBXBuildFile; fileRef = B566635D2A449BAA007FA9DA /* SplashView.swift */; };
		B56663622A449BDF007FA9DA /* AppRouter.swift in Sources */ = {isa = PBXBuildFile; fileRef = B56663612A449BDF007FA9DA /* AppRouter.swift */; };
		B56663672A449C25007FA9DA /* SignInView.swift in Sources */ = {isa = PBXBuildFile; fileRef = B56663662A449C25007FA9DA /* SignInView.swift */; };
		B56663692A449C44007FA9DA /* SignInViewModel.swift in Sources */ = {isa = PBXBuildFile; fileRef = B56663682A449C44007FA9DA /* SignInViewModel.swift */; };
		B566636E2A449C80007FA9DA /* RegisterView.swift in Sources */ = {isa = PBXBuildFile; fileRef = B566636D2A449C80007FA9DA /* RegisterView.swift */; };
		B56663702A449CA9007FA9DA /* RegisterViewModel.swift in Sources */ = {isa = PBXBuildFile; fileRef = B566636F2A449CA9007FA9DA /* RegisterViewModel.swift */; };
		B56663742A449CF9007FA9DA /* Api+Extension.swift in Sources */ = {isa = PBXBuildFile; fileRef = B56663732A449CF9007FA9DA /* Api+Extension.swift */; };
		B566637D2A449D81007FA9DA /* FirebaseAPI.swift in Sources */ = {isa = PBXBuildFile; fileRef = B566637C2A449D81007FA9DA /* FirebaseAPI.swift */; };
		B56663802A449DA2007FA9DA /* Api.swift in Sources */ = {isa = PBXBuildFile; fileRef = B566637F2A449DA2007FA9DA /* Api.swift */; };
		B56663822A449DB6007FA9DA /* APIAddress.swift in Sources */ = {isa = PBXBuildFile; fileRef = B56663812A449DB6007FA9DA /* APIAddress.swift */; };
		B56663852A449DDA007FA9DA /* APIError.swift in Sources */ = {isa = PBXBuildFile; fileRef = B56663842A449DDA007FA9DA /* APIError.swift */; };
		B56663872A449EC8007FA9DA /* GoogleService-Info.plist in Resources */ = {isa = PBXBuildFile; fileRef = B56663862A449EC8007FA9DA /* GoogleService-Info.plist */; };
		B566638A2A449F72007FA9DA /* FirebaseAuth in Frameworks */ = {isa = PBXBuildFile; productRef = B56663892A449F72007FA9DA /* FirebaseAuth */; };
		B566638C2A449F72007FA9DA /* FirebaseDatabase in Frameworks */ = {isa = PBXBuildFile; productRef = B566638B2A449F72007FA9DA /* FirebaseDatabase */; };
		B56663912A44A017007FA9DA /* CreateNoteViewModel.swift in Sources */ = {isa = PBXBuildFile; fileRef = B56663902A44A017007FA9DA /* CreateNoteViewModel.swift */; };
		B56663932A44A033007FA9DA /* CreateNoteView.swift in Sources */ = {isa = PBXBuildFile; fileRef = B56663922A44A033007FA9DA /* CreateNoteView.swift */; };
		B575004C2A47DF3800266058 /* FirebaseAuth in Frameworks */ = {isa = PBXBuildFile; productRef = B575004B2A47DF3800266058 /* FirebaseAuth */; };
		B575004E2A47DF3B00266058 /* FirebaseDatabase in Frameworks */ = {isa = PBXBuildFile; productRef = B575004D2A47DF3B00266058 /* FirebaseDatabase */; };
		B5CB5FF52A46FDF300E5C4B9 /* FirebaseAuth in Frameworks */ = {isa = PBXBuildFile; productRef = B5CB5FF42A46FDF300E5C4B9 /* FirebaseAuth */; };
		B5CB5FF92A46FE1900E5C4B9 /* FirebaseDatabase in Frameworks */ = {isa = PBXBuildFile; productRef = B5CB5FF82A46FE1900E5C4B9 /* FirebaseDatabase */; };
/* End PBXBuildFile section */

/* Begin PBXContainerItemProxy section */
		B548B0192A4307EB002CD580 /* PBXContainerItemProxy */ = {
			isa = PBXContainerItemProxy;
			containerPortal = B548AFFF2A4307E9002CD580 /* Project object */;
			proxyType = 1;
			remoteGlobalIDString = B548B0062A4307E9002CD580;
			remoteInfo = LyGiaQuyenNotes;
		};
		B548B0232A4307EB002CD580 /* PBXContainerItemProxy */ = {
			isa = PBXContainerItemProxy;
			containerPortal = B548AFFF2A4307E9002CD580 /* Project object */;
			proxyType = 1;
			remoteGlobalIDString = B548B0062A4307E9002CD580;
			remoteInfo = LyGiaQuyenNotes;
		};
/* End PBXContainerItemProxy section */

/* Begin PBXFileReference section */
		B548B0072A4307E9002CD580 /* LyGiaQuyenNotes.app */ = {isa = PBXFileReference; explicitFileType = wrapper.application; includeInIndex = 0; path = LyGiaQuyenNotes.app; sourceTree = BUILT_PRODUCTS_DIR; };
		B548B00A2A4307E9002CD580 /* LyGiaQuyenNotesApp.swift */ = {isa = PBXFileReference; lastKnownFileType = sourcecode.swift; path = LyGiaQuyenNotesApp.swift; sourceTree = "<group>"; };
		B548B00E2A4307EB002CD580 /* Assets.xcassets */ = {isa = PBXFileReference; lastKnownFileType = folder.assetcatalog; path = Assets.xcassets; sourceTree = "<group>"; };
		B548B0102A4307EB002CD580 /* LyGiaQuyenNotes.entitlements */ = {isa = PBXFileReference; lastKnownFileType = text.plist.entitlements; path = LyGiaQuyenNotes.entitlements; sourceTree = "<group>"; };
		B548B0122A4307EB002CD580 /* Preview Assets.xcassets */ = {isa = PBXFileReference; lastKnownFileType = folder.assetcatalog; path = "Preview Assets.xcassets"; sourceTree = "<group>"; };
		B548B0182A4307EB002CD580 /* LyGiaQuyenNotesTests.xctest */ = {isa = PBXFileReference; explicitFileType = wrapper.cfbundle; includeInIndex = 0; path = LyGiaQuyenNotesTests.xctest; sourceTree = BUILT_PRODUCTS_DIR; };
		B548B01C2A4307EB002CD580 /* LyGiaQuyenNotesTests.swift */ = {isa = PBXFileReference; lastKnownFileType = sourcecode.swift; path = LyGiaQuyenNotesTests.swift; sourceTree = "<group>"; };
		B548B0222A4307EB002CD580 /* LyGiaQuyenNotesUITests.xctest */ = {isa = PBXFileReference; explicitFileType = wrapper.cfbundle; includeInIndex = 0; path = LyGiaQuyenNotesUITests.xctest; sourceTree = BUILT_PRODUCTS_DIR; };
		B548B0262A4307EB002CD580 /* LyGiaQuyenNotesUITests.swift */ = {isa = PBXFileReference; lastKnownFileType = sourcecode.swift; path = LyGiaQuyenNotesUITests.swift; sourceTree = "<group>"; };
		B548B0282A4307EB002CD580 /* LyGiaQuyenNotesUITestsLaunchTests.swift */ = {isa = PBXFileReference; lastKnownFileType = sourcecode.swift; path = LyGiaQuyenNotesUITestsLaunchTests.swift; sourceTree = "<group>"; };
		B56663322A44993A007FA9DA /* Color+Extension.swift */ = {isa = PBXFileReference; lastKnownFileType = sourcecode.swift; path = "Color+Extension.swift"; sourceTree = "<group>"; };
		B56663342A449953007FA9DA /* Date+Extension.swift */ = {isa = PBXFileReference; lastKnownFileType = sourcecode.swift; path = "Date+Extension.swift"; sourceTree = "<group>"; };
		B56663362A44996F007FA9DA /* String+Extension.swift */ = {isa = PBXFileReference; lastKnownFileType = sourcecode.swift; path = "String+Extension.swift"; sourceTree = "<group>"; };
		B56663382A4499AE007FA9DA /* Notification+Extension.swift */ = {isa = PBXFileReference; lastKnownFileType = sourcecode.swift; path = "Notification+Extension.swift"; sourceTree = "<group>"; };
		B566633B2A4499D0007FA9DA /* BaseObservableObject.swift */ = {isa = PBXFileReference; lastKnownFileType = sourcecode.swift; path = BaseObservableObject.swift; sourceTree = "<group>"; };
		B566633E2A4499F8007FA9DA /* FireBaseManager.swift */ = {isa = PBXFileReference; lastKnownFileType = sourcecode.swift; path = FireBaseManager.swift; sourceTree = "<group>"; };
		B56663422A449A2A007FA9DA /* ProgressIndicatior.swift */ = {isa = PBXFileReference; lastKnownFileType = sourcecode.swift; path = ProgressIndicatior.swift; sourceTree = "<group>"; };
		B56663452A449A44007FA9DA /* TextFieldView.swift */ = {isa = PBXFileReference; lastKnownFileType = sourcecode.swift; path = TextFieldView.swift; sourceTree = "<group>"; };
		B56663482A449A5B007FA9DA /* SecureTextFieldView.swift */ = {isa = PBXFileReference; lastKnownFileType = sourcecode.swift; path = SecureTextFieldView.swift; sourceTree = "<group>"; };
		B566634B2A449A75007FA9DA /* AlertModifier.swift */ = {isa = PBXFileReference; lastKnownFileType = sourcecode.swift; path = AlertModifier.swift; sourceTree = "<group>"; };
		B56663532A449AF1007FA9DA /* HomeViewModel.swift */ = {isa = PBXFileReference; lastKnownFileType = sourcecode.swift; path = HomeViewModel.swift; sourceTree = "<group>"; };
		B56663552A449B09007FA9DA /* NotesResponse.swift */ = {isa = PBXFileReference; lastKnownFileType = sourcecode.swift; path = NotesResponse.swift; sourceTree = "<group>"; };
		B56663572A449B21007FA9DA /* HomeView.swift */ = {isa = PBXFileReference; lastKnownFileType = sourcecode.swift; path = HomeView.swift; sourceTree = "<group>"; };
		B56663592A449B68007FA9DA /* NotesListView.swift */ = {isa = PBXFileReference; lastKnownFileType = sourcecode.swift; path = NotesListView.swift; sourceTree = "<group>"; };
		B566635D2A449BAA007FA9DA /* SplashView.swift */ = {isa = PBXFileReference; lastKnownFileType = sourcecode.swift; path = SplashView.swift; sourceTree = "<group>"; };
		B56663612A449BDF007FA9DA /* AppRouter.swift */ = {isa = PBXFileReference; lastKnownFileType = sourcecode.swift; path = AppRouter.swift; sourceTree = "<group>"; };
		B56663662A449C25007FA9DA /* SignInView.swift */ = {isa = PBXFileReference; lastKnownFileType = sourcecode.swift; path = SignInView.swift; sourceTree = "<group>"; };
		B56663682A449C44007FA9DA /* SignInViewModel.swift */ = {isa = PBXFileReference; lastKnownFileType = sourcecode.swift; path = SignInViewModel.swift; sourceTree = "<group>"; };
		B566636D2A449C80007FA9DA /* RegisterView.swift */ = {isa = PBXFileReference; lastKnownFileType = sourcecode.swift; path = RegisterView.swift; sourceTree = "<group>"; };
		B566636F2A449CA9007FA9DA /* RegisterViewModel.swift */ = {isa = PBXFileReference; lastKnownFileType = sourcecode.swift; path = RegisterViewModel.swift; sourceTree = "<group>"; };
		B56663732A449CF9007FA9DA /* Api+Extension.swift */ = {isa = PBXFileReference; lastKnownFileType = sourcecode.swift; path = "Api+Extension.swift"; sourceTree = "<group>"; };
		B566637C2A449D81007FA9DA /* FirebaseAPI.swift */ = {isa = PBXFileReference; lastKnownFileType = sourcecode.swift; path = FirebaseAPI.swift; sourceTree = "<group>"; };
		B566637F2A449DA2007FA9DA /* Api.swift */ = {isa = PBXFileReference; lastKnownFileType = sourcecode.swift; path = Api.swift; sourceTree = "<group>"; };
		B56663812A449DB6007FA9DA /* APIAddress.swift */ = {isa = PBXFileReference; lastKnownFileType = sourcecode.swift; path = APIAddress.swift; sourceTree = "<group>"; };
		B56663842A449DDA007FA9DA /* APIError.swift */ = {isa = PBXFileReference; lastKnownFileType = sourcecode.swift; path = APIError.swift; sourceTree = "<group>"; };
		B56663862A449EC8007FA9DA /* GoogleService-Info.plist */ = {isa = PBXFileReference; fileEncoding = 4; lastKnownFileType = text.plist.xml; path = "GoogleService-Info.plist"; sourceTree = "<group>"; };
		B56663902A44A017007FA9DA /* CreateNoteViewModel.swift */ = {isa = PBXFileReference; lastKnownFileType = sourcecode.swift; path = CreateNoteViewModel.swift; sourceTree = "<group>"; };
		B56663922A44A033007FA9DA /* CreateNoteView.swift */ = {isa = PBXFileReference; lastKnownFileType = sourcecode.swift; path = CreateNoteView.swift; sourceTree = "<group>"; };
/* End PBXFileReference section */

/* Begin PBXFrameworksBuildPhase section */
		B548B0042A4307E9002CD580 /* Frameworks */ = {
			isa = PBXFrameworksBuildPhase;
			buildActionMask = 2147483647;
			files = (
				B566638C2A449F72007FA9DA /* FirebaseDatabase in Frameworks */,
				B566638A2A449F72007FA9DA /* FirebaseAuth in Frameworks */,
			);
			runOnlyForDeploymentPostprocessing = 0;
		};
		B548B0152A4307EB002CD580 /* Frameworks */ = {
			isa = PBXFrameworksBuildPhase;
			buildActionMask = 2147483647;
			files = (
				B5CB5FF92A46FE1900E5C4B9 /* FirebaseDatabase in Frameworks */,
				B5CB5FF52A46FDF300E5C4B9 /* FirebaseAuth in Frameworks */,
			);
			runOnlyForDeploymentPostprocessing = 0;
		};
		B548B01F2A4307EB002CD580 /* Frameworks */ = {
			isa = PBXFrameworksBuildPhase;
			buildActionMask = 2147483647;
			files = (
				B575004E2A47DF3B00266058 /* FirebaseDatabase in Frameworks */,
				B575004C2A47DF3800266058 /* FirebaseAuth in Frameworks */,
			);
			runOnlyForDeploymentPostprocessing = 0;
		};
/* End PBXFrameworksBuildPhase section */

/* Begin PBXGroup section */
		B548AFFE2A4307E9002CD580 = {
			isa = PBXGroup;
			children = (
				B548B0092A4307E9002CD580 /* LyGiaQuyenNotes */,
				B548B01B2A4307EB002CD580 /* LyGiaQuyenNotesTests */,
				B548B0252A4307EB002CD580 /* LyGiaQuyenNotesUITests */,
				B548B0082A4307E9002CD580 /* Products */,
				B5CB5FF32A46FDF300E5C4B9 /* Frameworks */,
			);
			sourceTree = "<group>";
		};
		B548B0082A4307E9002CD580 /* Products */ = {
			isa = PBXGroup;
			children = (
				B548B0072A4307E9002CD580 /* LyGiaQuyenNotes.app */,
				B548B0182A4307EB002CD580 /* LyGiaQuyenNotesTests.xctest */,
				B548B0222A4307EB002CD580 /* LyGiaQuyenNotesUITests.xctest */,
			);
			name = Products;
			sourceTree = "<group>";
		};
		B548B0092A4307E9002CD580 /* LyGiaQuyenNotes */ = {
			isa = PBXGroup;
			children = (
				B56663862A449EC8007FA9DA /* GoogleService-Info.plist */,
				B56663712A449CD3007FA9DA /* Api */,
				B566634D2A449A90007FA9DA /* Modules */,
				B56663402A449A15007FA9DA /* Component */,
				B566633D2A4499E2007FA9DA /* Share */,
				B566633A2A4499BB007FA9DA /* Base */,
				B56663312A449902007FA9DA /* Extension */,
				B548B00E2A4307EB002CD580 /* Assets.xcassets */,
				B548B0102A4307EB002CD580 /* LyGiaQuyenNotes.entitlements */,
				B548B0112A4307EB002CD580 /* Preview Content */,
			);
			path = LyGiaQuyenNotes;
			sourceTree = "<group>";
		};
		B548B0112A4307EB002CD580 /* Preview Content */ = {
			isa = PBXGroup;
			children = (
				B548B0122A4307EB002CD580 /* Preview Assets.xcassets */,
			);
			path = "Preview Content";
			sourceTree = "<group>";
		};
		B548B01B2A4307EB002CD580 /* LyGiaQuyenNotesTests */ = {
			isa = PBXGroup;
			children = (
				B548B01C2A4307EB002CD580 /* LyGiaQuyenNotesTests.swift */,
			);
			path = LyGiaQuyenNotesTests;
			sourceTree = "<group>";
		};
		B548B0252A4307EB002CD580 /* LyGiaQuyenNotesUITests */ = {
			isa = PBXGroup;
			children = (
				B548B0262A4307EB002CD580 /* LyGiaQuyenNotesUITests.swift */,
				B548B0282A4307EB002CD580 /* LyGiaQuyenNotesUITestsLaunchTests.swift */,
			);
			path = LyGiaQuyenNotesUITests;
			sourceTree = "<group>";
		};
		B56663312A449902007FA9DA /* Extension */ = {
			isa = PBXGroup;
			children = (
				B56663322A44993A007FA9DA /* Color+Extension.swift */,
				B56663342A449953007FA9DA /* Date+Extension.swift */,
				B56663362A44996F007FA9DA /* String+Extension.swift */,
				B56663382A4499AE007FA9DA /* Notification+Extension.swift */,
			);
			path = Extension;
			sourceTree = "<group>";
		};
		B566633A2A4499BB007FA9DA /* Base */ = {
			isa = PBXGroup;
			children = (
				B566633B2A4499D0007FA9DA /* BaseObservableObject.swift */,
			);
			path = Base;
			sourceTree = "<group>";
		};
		B566633D2A4499E2007FA9DA /* Share */ = {
			isa = PBXGroup;
			children = (
				B566633E2A4499F8007FA9DA /* FireBaseManager.swift */,
			);
			path = Share;
			sourceTree = "<group>";
		};
		B56663402A449A15007FA9DA /* Component */ = {
			isa = PBXGroup;
			children = (
				B566634A2A449A6F007FA9DA /* AlertModifier */,
				B56663472A449A50007FA9DA /* SecureTextFieldView */,
				B56663442A449A3E007FA9DA /* TextFieldView */,
				B56663412A449A22007FA9DA /* ProgressIndicatior */,
			);
			path = Component;
			sourceTree = "<group>";
		};
		B56663412A449A22007FA9DA /* ProgressIndicatior */ = {
			isa = PBXGroup;
			children = (
				B56663422A449A2A007FA9DA /* ProgressIndicatior.swift */,
			);
			path = ProgressIndicatior;
			sourceTree = "<group>";
		};
		B56663442A449A3E007FA9DA /* TextFieldView */ = {
			isa = PBXGroup;
			children = (
				B56663452A449A44007FA9DA /* TextFieldView.swift */,
			);
			path = TextFieldView;
			sourceTree = "<group>";
		};
		B56663472A449A50007FA9DA /* SecureTextFieldView */ = {
			isa = PBXGroup;
			children = (
				B56663482A449A5B007FA9DA /* SecureTextFieldView.swift */,
			);
			path = SecureTextFieldView;
			sourceTree = "<group>";
		};
		B566634A2A449A6F007FA9DA /* AlertModifier */ = {
			isa = PBXGroup;
			children = (
				B566634B2A449A75007FA9DA /* AlertModifier.swift */,
			);
			path = AlertModifier;
			sourceTree = "<group>";
		};
		B566634D2A449A90007FA9DA /* Modules */ = {
			isa = PBXGroup;
			children = (
				B566638D2A449FF8007FA9DA /* CreateNote */,
				B566636A2A449C63007FA9DA /* Register */,
				B56663632A449BF6007FA9DA /* SignIn */,
				B566635B2A449B8C007FA9DA /* Splash */,
				B566634F2A449ACF007FA9DA /* Home */,
				B566634E2A449A98007FA9DA /* Main */,
			);
			path = Modules;
			sourceTree = "<group>";
		};
		B566634E2A449A98007FA9DA /* Main */ = {
			isa = PBXGroup;
			children = (
				B56663602A449BD2007FA9DA /* ViewModel */,
				B566635F2A449BCB007FA9DA /* View */,
			);
			path = Main;
			sourceTree = "<group>";
		};
		B566634F2A449ACF007FA9DA /* Home */ = {
			isa = PBXGroup;
			children = (
				B56663522A449AE0007FA9DA /* ViewModel */,
				B56663512A449ADA007FA9DA /* Model */,
				B56663502A449AD6007FA9DA /* View */,
			);
			path = Home;
			sourceTree = "<group>";
		};
		B56663502A449AD6007FA9DA /* View */ = {
			isa = PBXGroup;
			children = (
				B56663572A449B21007FA9DA /* HomeView.swift */,
				B56663592A449B68007FA9DA /* NotesListView.swift */,
			);
			path = View;
			sourceTree = "<group>";
		};
		B56663512A449ADA007FA9DA /* Model */ = {
			isa = PBXGroup;
			children = (
				B56663552A449B09007FA9DA /* NotesResponse.swift */,
			);
			path = Model;
			sourceTree = "<group>";
		};
		B56663522A449AE0007FA9DA /* ViewModel */ = {
			isa = PBXGroup;
			children = (
				B56663532A449AF1007FA9DA /* HomeViewModel.swift */,
			);
			path = ViewModel;
			sourceTree = "<group>";
		};
		B566635B2A449B8C007FA9DA /* Splash */ = {
			isa = PBXGroup;
			children = (
				B566635C2A449B98007FA9DA /* View */,
			);
			path = Splash;
			sourceTree = "<group>";
		};
		B566635C2A449B98007FA9DA /* View */ = {
			isa = PBXGroup;
			children = (
				B566635D2A449BAA007FA9DA /* SplashView.swift */,
			);
			path = View;
			sourceTree = "<group>";
		};
		B566635F2A449BCB007FA9DA /* View */ = {
			isa = PBXGroup;
			children = (
				B548B00A2A4307E9002CD580 /* LyGiaQuyenNotesApp.swift */,
			);
			path = View;
			sourceTree = "<group>";
		};
		B56663602A449BD2007FA9DA /* ViewModel */ = {
			isa = PBXGroup;
			children = (
				B56663612A449BDF007FA9DA /* AppRouter.swift */,
			);
			path = ViewModel;
			sourceTree = "<group>";
		};
		B56663632A449BF6007FA9DA /* SignIn */ = {
			isa = PBXGroup;
			children = (
				B56663652A449C0E007FA9DA /* ViewModel */,
				B56663642A449C08007FA9DA /* View */,
			);
			path = SignIn;
			sourceTree = "<group>";
		};
		B56663642A449C08007FA9DA /* View */ = {
			isa = PBXGroup;
			children = (
				B56663662A449C25007FA9DA /* SignInView.swift */,
			);
			path = View;
			sourceTree = "<group>";
		};
		B56663652A449C0E007FA9DA /* ViewModel */ = {
			isa = PBXGroup;
			children = (
				B56663682A449C44007FA9DA /* SignInViewModel.swift */,
			);
			path = ViewModel;
			sourceTree = "<group>";
		};
		B566636A2A449C63007FA9DA /* Register */ = {
			isa = PBXGroup;
			children = (
				B566636C2A449C6C007FA9DA /* ViewModel */,
				B566636B2A449C69007FA9DA /* View */,
			);
			path = Register;
			sourceTree = "<group>";
		};
		B566636B2A449C69007FA9DA /* View */ = {
			isa = PBXGroup;
			children = (
				B566636D2A449C80007FA9DA /* RegisterView.swift */,
			);
			path = View;
			sourceTree = "<group>";
		};
		B566636C2A449C6C007FA9DA /* ViewModel */ = {
			isa = PBXGroup;
			children = (
				B566636F2A449CA9007FA9DA /* RegisterViewModel.swift */,
			);
			path = ViewModel;
			sourceTree = "<group>";
		};
		B56663712A449CD3007FA9DA /* Api */ = {
			isa = PBXGroup;
			children = (
				B566637E2A449D90007FA9DA /* ApiBase */,
				B566637B2A449D76007FA9DA /* ApiService */,
				B56663722A449CDC007FA9DA /* Extension */,
			);
			path = Api;
			sourceTree = "<group>";
		};
		B56663722A449CDC007FA9DA /* Extension */ = {
			isa = PBXGroup;
			children = (
				B56663732A449CF9007FA9DA /* Api+Extension.swift */,
			);
			path = Extension;
			sourceTree = "<group>";
		};
		B566637B2A449D76007FA9DA /* ApiService */ = {
			isa = PBXGroup;
			children = (
				B566637C2A449D81007FA9DA /* FirebaseAPI.swift */,
			);
			path = ApiService;
			sourceTree = "<group>";
		};
		B566637E2A449D90007FA9DA /* ApiBase */ = {
			isa = PBXGroup;
			children = (
				B566637F2A449DA2007FA9DA /* Api.swift */,
				B56663812A449DB6007FA9DA /* APIAddress.swift */,
				B56663842A449DDA007FA9DA /* APIError.swift */,
			);
			path = ApiBase;
			sourceTree = "<group>";
		};
		B566638D2A449FF8007FA9DA /* CreateNote */ = {
			isa = PBXGroup;
			children = (
				B566638F2A44A007007FA9DA /* ViewModel */,
				B566638E2A44A004007FA9DA /* View */,
			);
			path = CreateNote;
			sourceTree = "<group>";
		};
		B566638E2A44A004007FA9DA /* View */ = {
			isa = PBXGroup;
			children = (
				B56663922A44A033007FA9DA /* CreateNoteView.swift */,
			);
			path = View;
			sourceTree = "<group>";
		};
		B566638F2A44A007007FA9DA /* ViewModel */ = {
			isa = PBXGroup;
			children = (
				B56663902A44A017007FA9DA /* CreateNoteViewModel.swift */,
			);
			path = ViewModel;
			sourceTree = "<group>";
		};
		B5CB5FF32A46FDF300E5C4B9 /* Frameworks */ = {
			isa = PBXGroup;
			children = (
			);
			name = Frameworks;
			sourceTree = "<group>";
		};
/* End PBXGroup section */

/* Begin PBXNativeTarget section */
		B548B0062A4307E9002CD580 /* LyGiaQuyenNotes */ = {
			isa = PBXNativeTarget;
			buildConfigurationList = B548B02C2A4307EB002CD580 /* Build configuration list for PBXNativeTarget "LyGiaQuyenNotes" */;
			buildPhases = (
				B548B0032A4307E9002CD580 /* Sources */,
				B548B0042A4307E9002CD580 /* Frameworks */,
				B548B0052A4307E9002CD580 /* Resources */,
			);
			buildRules = (
			);
			dependencies = (
			);
			name = LyGiaQuyenNotes;
			packageProductDependencies = (
				B56663892A449F72007FA9DA /* FirebaseAuth */,
				B566638B2A449F72007FA9DA /* FirebaseDatabase */,
			);
			productName = LyGiaQuyenNotes;
			productReference = B548B0072A4307E9002CD580 /* LyGiaQuyenNotes.app */;
			productType = "com.apple.product-type.application";
		};
		B548B0172A4307EB002CD580 /* LyGiaQuyenNotesTests */ = {
			isa = PBXNativeTarget;
			buildConfigurationList = B548B02F2A4307EB002CD580 /* Build configuration list for PBXNativeTarget "LyGiaQuyenNotesTests" */;
			buildPhases = (
				B548B0142A4307EB002CD580 /* Sources */,
				B548B0152A4307EB002CD580 /* Frameworks */,
				B548B0162A4307EB002CD580 /* Resources */,
			);
			buildRules = (
			);
			dependencies = (
				B548B01A2A4307EB002CD580 /* PBXTargetDependency */,
			);
			name = LyGiaQuyenNotesTests;
			packageProductDependencies = (
				B5CB5FF42A46FDF300E5C4B9 /* FirebaseAuth */,
				B5CB5FF82A46FE1900E5C4B9 /* FirebaseDatabase */,
			);
			productName = LyGiaQuyenNotesTests;
			productReference = B548B0182A4307EB002CD580 /* LyGiaQuyenNotesTests.xctest */;
			productType = "com.apple.product-type.bundle.unit-test";
		};
		B548B0212A4307EB002CD580 /* LyGiaQuyenNotesUITests */ = {
			isa = PBXNativeTarget;
			buildConfigurationList = B548B0322A4307EB002CD580 /* Build configuration list for PBXNativeTarget "LyGiaQuyenNotesUITests" */;
			buildPhases = (
				B548B01E2A4307EB002CD580 /* Sources */,
				B548B01F2A4307EB002CD580 /* Frameworks */,
				B548B0202A4307EB002CD580 /* Resources */,
			);
			buildRules = (
			);
			dependencies = (
				B548B0242A4307EB002CD580 /* PBXTargetDependency */,
			);
			name = LyGiaQuyenNotesUITests;
			packageProductDependencies = (
				B575004B2A47DF3800266058 /* FirebaseAuth */,
				B575004D2A47DF3B00266058 /* FirebaseDatabase */,
			);
			productName = LyGiaQuyenNotesUITests;
			productReference = B548B0222A4307EB002CD580 /* LyGiaQuyenNotesUITests.xctest */;
			productType = "com.apple.product-type.bundle.ui-testing";
		};
/* End PBXNativeTarget section */

/* Begin PBXProject section */
		B548AFFF2A4307E9002CD580 /* Project object */ = {
			isa = PBXProject;
			attributes = {
				BuildIndependentTargetsInParallel = 1;
				LastSwiftUpdateCheck = 1420;
				LastUpgradeCheck = 1420;
				TargetAttributes = {
					B548B0062A4307E9002CD580 = {
						CreatedOnToolsVersion = 14.2;
					};
					B548B0172A4307EB002CD580 = {
						CreatedOnToolsVersion = 14.2;
						TestTargetID = B548B0062A4307E9002CD580;
					};
					B548B0212A4307EB002CD580 = {
						CreatedOnToolsVersion = 14.2;
						TestTargetID = B548B0062A4307E9002CD580;
					};
				};
			};
			buildConfigurationList = B548B0022A4307E9002CD580 /* Build configuration list for PBXProject "LyGiaQuyenNotes" */;
			compatibilityVersion = "Xcode 14.0";
			developmentRegion = en;
			hasScannedForEncodings = 0;
			knownRegions = (
				en,
				Base,
			);
			mainGroup = B548AFFE2A4307E9002CD580;
			packageReferences = (
				B56663882A449F72007FA9DA /* XCRemoteSwiftPackageReference "firebase-ios-sdk" */,
			);
			productRefGroup = B548B0082A4307E9002CD580 /* Products */;
			projectDirPath = "";
			projectRoot = "";
			targets = (
				B548B0062A4307E9002CD580 /* LyGiaQuyenNotes */,
				B548B0172A4307EB002CD580 /* LyGiaQuyenNotesTests */,
				B548B0212A4307EB002CD580 /* LyGiaQuyenNotesUITests */,
			);
		};
/* End PBXProject section */

/* Begin PBXResourcesBuildPhase section */
		B548B0052A4307E9002CD580 /* Resources */ = {
			isa = PBXResourcesBuildPhase;
			buildActionMask = 2147483647;
			files = (
				B548B0132A4307EB002CD580 /* Preview Assets.xcassets in Resources */,
				B56663872A449EC8007FA9DA /* GoogleService-Info.plist in Resources */,
				B548B00F2A4307EB002CD580 /* Assets.xcassets in Resources */,
			);
			runOnlyForDeploymentPostprocessing = 0;
		};
		B548B0162A4307EB002CD580 /* Resources */ = {
			isa = PBXResourcesBuildPhase;
			buildActionMask = 2147483647;
			files = (
			);
			runOnlyForDeploymentPostprocessing = 0;
		};
		B548B0202A4307EB002CD580 /* Resources */ = {
			isa = PBXResourcesBuildPhase;
			buildActionMask = 2147483647;
			files = (
			);
			runOnlyForDeploymentPostprocessing = 0;
		};
/* End PBXResourcesBuildPhase section */

/* Begin PBXSourcesBuildPhase section */
		B548B0032A4307E9002CD580 /* Sources */ = {
			isa = PBXSourcesBuildPhase;
			buildActionMask = 2147483647;
			files = (
				B56663912A44A017007FA9DA /* CreateNoteViewModel.swift in Sources */,
				B56663562A449B09007FA9DA /* NotesResponse.swift in Sources */,
				B566635E2A449BAA007FA9DA /* SplashView.swift in Sources */,
				B566634C2A449A75007FA9DA /* AlertModifier.swift in Sources */,
				B56663692A449C44007FA9DA /* SignInViewModel.swift in Sources */,
				B56663352A449953007FA9DA /* Date+Extension.swift in Sources */,
				B56663392A4499AE007FA9DA /* Notification+Extension.swift in Sources */,
				B56663582A449B21007FA9DA /* HomeView.swift in Sources */,
				B566637D2A449D81007FA9DA /* FirebaseAPI.swift in Sources */,
				B56663802A449DA2007FA9DA /* Api.swift in Sources */,
				B56663332A44993A007FA9DA /* Color+Extension.swift in Sources */,
				B566633F2A4499F8007FA9DA /* FireBaseManager.swift in Sources */,
				B566636E2A449C80007FA9DA /* RegisterView.swift in Sources */,
				B566633C2A4499D0007FA9DA /* BaseObservableObject.swift in Sources */,
				B56663672A449C25007FA9DA /* SignInView.swift in Sources */,
				B56663492A449A5B007FA9DA /* SecureTextFieldView.swift in Sources */,
				B56663542A449AF1007FA9DA /* HomeViewModel.swift in Sources */,
				B56663702A449CA9007FA9DA /* RegisterViewModel.swift in Sources */,
				B56663932A44A033007FA9DA /* CreateNoteView.swift in Sources */,
				B56663462A449A44007FA9DA /* TextFieldView.swift in Sources */,
				B56663822A449DB6007FA9DA /* APIAddress.swift in Sources */,
				B56663372A44996F007FA9DA /* String+Extension.swift in Sources */,
				B56663622A449BDF007FA9DA /* AppRouter.swift in Sources */,
				B548B00B2A4307E9002CD580 /* LyGiaQuyenNotesApp.swift in Sources */,
				B56663852A449DDA007FA9DA /* APIError.swift in Sources */,
				B56663742A449CF9007FA9DA /* Api+Extension.swift in Sources */,
				B566635A2A449B68007FA9DA /* NotesListView.swift in Sources */,
				B56663432A449A2A007FA9DA /* ProgressIndicatior.swift in Sources */,
			);
			runOnlyForDeploymentPostprocessing = 0;
		};
		B548B0142A4307EB002CD580 /* Sources */ = {
			isa = PBXSourcesBuildPhase;
			buildActionMask = 2147483647;
			files = (
				B548B01D2A4307EB002CD580 /* LyGiaQuyenNotesTests.swift in Sources */,
			);
			runOnlyForDeploymentPostprocessing = 0;
		};
		B548B01E2A4307EB002CD580 /* Sources */ = {
			isa = PBXSourcesBuildPhase;
			buildActionMask = 2147483647;
			files = (
				B548B0292A4307EB002CD580 /* LyGiaQuyenNotesUITestsLaunchTests.swift in Sources */,
				B548B0272A4307EB002CD580 /* LyGiaQuyenNotesUITests.swift in Sources */,
			);
			runOnlyForDeploymentPostprocessing = 0;
		};
/* End PBXSourcesBuildPhase section */

/* Begin PBXTargetDependency section */
		B548B01A2A4307EB002CD580 /* PBXTargetDependency */ = {
			isa = PBXTargetDependency;
			target = B548B0062A4307E9002CD580 /* LyGiaQuyenNotes */;
			targetProxy = B548B0192A4307EB002CD580 /* PBXContainerItemProxy */;
		};
		B548B0242A4307EB002CD580 /* PBXTargetDependency */ = {
			isa = PBXTargetDependency;
			target = B548B0062A4307E9002CD580 /* LyGiaQuyenNotes */;
			targetProxy = B548B0232A4307EB002CD580 /* PBXContainerItemProxy */;
		};
/* End PBXTargetDependency section */

/* Begin XCBuildConfiguration section */
		B548B02A2A4307EB002CD580 /* Debug */ = {
			isa = XCBuildConfiguration;
			buildSettings = {
				ALWAYS_SEARCH_USER_PATHS = NO;
				CLANG_ANALYZER_NONNULL = YES;
				CLANG_ANALYZER_NUMBER_OBJECT_CONVERSION = YES_AGGRESSIVE;
				CLANG_CXX_LANGUAGE_STANDARD = "gnu++20";
				CLANG_ENABLE_MODULES = YES;
				CLANG_ENABLE_OBJC_ARC = YES;
				CLANG_ENABLE_OBJC_WEAK = YES;
				CLANG_WARN_BLOCK_CAPTURE_AUTORELEASING = YES;
				CLANG_WARN_BOOL_CONVERSION = YES;
				CLANG_WARN_COMMA = YES;
				CLANG_WARN_CONSTANT_CONVERSION = YES;
				CLANG_WARN_DEPRECATED_OBJC_IMPLEMENTATIONS = YES;
				CLANG_WARN_DIRECT_OBJC_ISA_USAGE = YES_ERROR;
				CLANG_WARN_DOCUMENTATION_COMMENTS = YES;
				CLANG_WARN_EMPTY_BODY = YES;
				CLANG_WARN_ENUM_CONVERSION = YES;
				CLANG_WARN_INFINITE_RECURSION = YES;
				CLANG_WARN_INT_CONVERSION = YES;
				CLANG_WARN_NON_LITERAL_NULL_CONVERSION = YES;
				CLANG_WARN_OBJC_IMPLICIT_RETAIN_SELF = YES;
				CLANG_WARN_OBJC_LITERAL_CONVERSION = YES;
				CLANG_WARN_OBJC_ROOT_CLASS = YES_ERROR;
				CLANG_WARN_QUOTED_INCLUDE_IN_FRAMEWORK_HEADER = YES;
				CLANG_WARN_RANGE_LOOP_ANALYSIS = YES;
				CLANG_WARN_STRICT_PROTOTYPES = YES;
				CLANG_WARN_SUSPICIOUS_MOVE = YES;
				CLANG_WARN_UNGUARDED_AVAILABILITY = YES_AGGRESSIVE;
				CLANG_WARN_UNREACHABLE_CODE = YES;
				CLANG_WARN__DUPLICATE_METHOD_MATCH = YES;
				COPY_PHASE_STRIP = NO;
				DEBUG_INFORMATION_FORMAT = dwarf;
				ENABLE_STRICT_OBJC_MSGSEND = YES;
				ENABLE_TESTABILITY = YES;
				GCC_C_LANGUAGE_STANDARD = gnu11;
				GCC_DYNAMIC_NO_PIC = NO;
				GCC_NO_COMMON_BLOCKS = YES;
				GCC_OPTIMIZATION_LEVEL = 0;
				GCC_PREPROCESSOR_DEFINITIONS = (
					"DEBUG=1",
					"$(inherited)",
				);
				GCC_WARN_64_TO_32_BIT_CONVERSION = YES;
				GCC_WARN_ABOUT_RETURN_TYPE = YES_ERROR;
				GCC_WARN_UNDECLARED_SELECTOR = YES;
				GCC_WARN_UNINITIALIZED_AUTOS = YES_AGGRESSIVE;
				GCC_WARN_UNUSED_FUNCTION = YES;
				GCC_WARN_UNUSED_VARIABLE = YES;
				MTL_ENABLE_DEBUG_INFO = INCLUDE_SOURCE;
				MTL_FAST_MATH = YES;
				ONLY_ACTIVE_ARCH = YES;
				SWIFT_ACTIVE_COMPILATION_CONDITIONS = DEBUG;
				SWIFT_OPTIMIZATION_LEVEL = "-Onone";
			};
			name = Debug;
		};
		B548B02B2A4307EB002CD580 /* Release */ = {
			isa = XCBuildConfiguration;
			buildSettings = {
				ALWAYS_SEARCH_USER_PATHS = NO;
				CLANG_ANALYZER_NONNULL = YES;
				CLANG_ANALYZER_NUMBER_OBJECT_CONVERSION = YES_AGGRESSIVE;
				CLANG_CXX_LANGUAGE_STANDARD = "gnu++20";
				CLANG_ENABLE_MODULES = YES;
				CLANG_ENABLE_OBJC_ARC = YES;
				CLANG_ENABLE_OBJC_WEAK = YES;
				CLANG_WARN_BLOCK_CAPTURE_AUTORELEASING = YES;
				CLANG_WARN_BOOL_CONVERSION = YES;
				CLANG_WARN_COMMA = YES;
				CLANG_WARN_CONSTANT_CONVERSION = YES;
				CLANG_WARN_DEPRECATED_OBJC_IMPLEMENTATIONS = YES;
				CLANG_WARN_DIRECT_OBJC_ISA_USAGE = YES_ERROR;
				CLANG_WARN_DOCUMENTATION_COMMENTS = YES;
				CLANG_WARN_EMPTY_BODY = YES;
				CLANG_WARN_ENUM_CONVERSION = YES;
				CLANG_WARN_INFINITE_RECURSION = YES;
				CLANG_WARN_INT_CONVERSION = YES;
				CLANG_WARN_NON_LITERAL_NULL_CONVERSION = YES;
				CLANG_WARN_OBJC_IMPLICIT_RETAIN_SELF = YES;
				CLANG_WARN_OBJC_LITERAL_CONVERSION = YES;
				CLANG_WARN_OBJC_ROOT_CLASS = YES_ERROR;
				CLANG_WARN_QUOTED_INCLUDE_IN_FRAMEWORK_HEADER = YES;
				CLANG_WARN_RANGE_LOOP_ANALYSIS = YES;
				CLANG_WARN_STRICT_PROTOTYPES = YES;
				CLANG_WARN_SUSPICIOUS_MOVE = YES;
				CLANG_WARN_UNGUARDED_AVAILABILITY = YES_AGGRESSIVE;
				CLANG_WARN_UNREACHABLE_CODE = YES;
				CLANG_WARN__DUPLICATE_METHOD_MATCH = YES;
				COPY_PHASE_STRIP = NO;
				DEBUG_INFORMATION_FORMAT = "dwarf-with-dsym";
				ENABLE_NS_ASSERTIONS = NO;
				ENABLE_STRICT_OBJC_MSGSEND = YES;
				GCC_C_LANGUAGE_STANDARD = gnu11;
				GCC_NO_COMMON_BLOCKS = YES;
				GCC_WARN_64_TO_32_BIT_CONVERSION = YES;
				GCC_WARN_ABOUT_RETURN_TYPE = YES_ERROR;
				GCC_WARN_UNDECLARED_SELECTOR = YES;
				GCC_WARN_UNINITIALIZED_AUTOS = YES_AGGRESSIVE;
				GCC_WARN_UNUSED_FUNCTION = YES;
				GCC_WARN_UNUSED_VARIABLE = YES;
				MTL_ENABLE_DEBUG_INFO = NO;
				MTL_FAST_MATH = YES;
				SWIFT_COMPILATION_MODE = wholemodule;
				SWIFT_OPTIMIZATION_LEVEL = "-O";
			};
			name = Release;
		};
		B548B02D2A4307EB002CD580 /* Debug */ = {
			isa = XCBuildConfiguration;
			buildSettings = {
				ASSETCATALOG_COMPILER_APPICON_NAME = AppIcon;
				ASSETCATALOG_COMPILER_GLOBAL_ACCENT_COLOR_NAME = AccentColor;
				CODE_SIGN_ENTITLEMENTS = LyGiaQuyenNotes/LyGiaQuyenNotes.entitlements;
				CODE_SIGN_IDENTITY = "Apple Development";
				CODE_SIGN_STYLE = Automatic;
				CURRENT_PROJECT_VERSION = 1;
				DEVELOPMENT_ASSET_PATHS = "\"LyGiaQuyenNotes/Preview Content\"";
				DEVELOPMENT_TEAM = QCB4C29P74;
				ENABLE_PREVIEWS = YES;
				GENERATE_INFOPLIST_FILE = YES;
				"INFOPLIST_KEY_UIApplicationSceneManifest_Generation[sdk=iphoneos*]" = YES;
				"INFOPLIST_KEY_UIApplicationSceneManifest_Generation[sdk=iphonesimulator*]" = YES;
				"INFOPLIST_KEY_UIApplicationSupportsIndirectInputEvents[sdk=iphoneos*]" = YES;
				"INFOPLIST_KEY_UIApplicationSupportsIndirectInputEvents[sdk=iphonesimulator*]" = YES;
				"INFOPLIST_KEY_UILaunchScreen_Generation[sdk=iphoneos*]" = YES;
				"INFOPLIST_KEY_UILaunchScreen_Generation[sdk=iphonesimulator*]" = YES;
				"INFOPLIST_KEY_UIStatusBarStyle[sdk=iphoneos*]" = UIStatusBarStyleDefault;
				"INFOPLIST_KEY_UIStatusBarStyle[sdk=iphonesimulator*]" = UIStatusBarStyleDefault;
				INFOPLIST_KEY_UISupportedInterfaceOrientations_iPad = "UIInterfaceOrientationPortrait UIInterfaceOrientationPortraitUpsideDown UIInterfaceOrientationLandscapeLeft UIInterfaceOrientationLandscapeRight";
				INFOPLIST_KEY_UISupportedInterfaceOrientations_iPhone = "UIInterfaceOrientationPortrait UIInterfaceOrientationLandscapeLeft UIInterfaceOrientationLandscapeRight";
				IPHONEOS_DEPLOYMENT_TARGET = 15.0;
				LD_RUNPATH_SEARCH_PATHS = "@executable_path/Frameworks";
				"LD_RUNPATH_SEARCH_PATHS[sdk=macosx*]" = "@executable_path/../Frameworks";
				MACOSX_DEPLOYMENT_TARGET = 12.5;
				MARKETING_VERSION = 1.0;
				PRODUCT_BUNDLE_IDENTIFIER = LyGiaQuyen.LyGiaQuyenNotes;
				PRODUCT_NAME = "$(TARGET_NAME)";
				PROVISIONING_PROFILE_SPECIFIER = "";
				SDKROOT = auto;
				SUPPORTED_PLATFORMS = "iphoneos iphonesimulator";
				SUPPORTS_MACCATALYST = NO;
				SUPPORTS_MAC_DESIGNED_FOR_IPHONE_IPAD = NO;
				SWIFT_EMIT_LOC_STRINGS = YES;
				SWIFT_VERSION = 5.0;
				TARGETED_DEVICE_FAMILY = "1,2";
			};
			name = Debug;
		};
		B548B02E2A4307EB002CD580 /* Release */ = {
			isa = XCBuildConfiguration;
			buildSettings = {
				ASSETCATALOG_COMPILER_APPICON_NAME = AppIcon;
				ASSETCATALOG_COMPILER_GLOBAL_ACCENT_COLOR_NAME = AccentColor;
				CODE_SIGN_ENTITLEMENTS = LyGiaQuyenNotes/LyGiaQuyenNotes.entitlements;
				CODE_SIGN_IDENTITY = "Apple Development";
				CODE_SIGN_STYLE = Automatic;
				CURRENT_PROJECT_VERSION = 1;
				DEVELOPMENT_ASSET_PATHS = "\"LyGiaQuyenNotes/Preview Content\"";
				DEVELOPMENT_TEAM = QCB4C29P74;
				ENABLE_PREVIEWS = YES;
				GENERATE_INFOPLIST_FILE = YES;
				"INFOPLIST_KEY_UIApplicationSceneManifest_Generation[sdk=iphoneos*]" = YES;
				"INFOPLIST_KEY_UIApplicationSceneManifest_Generation[sdk=iphonesimulator*]" = YES;
				"INFOPLIST_KEY_UIApplicationSupportsIndirectInputEvents[sdk=iphoneos*]" = YES;
				"INFOPLIST_KEY_UIApplicationSupportsIndirectInputEvents[sdk=iphonesimulator*]" = YES;
				"INFOPLIST_KEY_UILaunchScreen_Generation[sdk=iphoneos*]" = YES;
				"INFOPLIST_KEY_UILaunchScreen_Generation[sdk=iphonesimulator*]" = YES;
				"INFOPLIST_KEY_UIStatusBarStyle[sdk=iphoneos*]" = UIStatusBarStyleDefault;
				"INFOPLIST_KEY_UIStatusBarStyle[sdk=iphonesimulator*]" = UIStatusBarStyleDefault;
				INFOPLIST_KEY_UISupportedInterfaceOrientations_iPad = "UIInterfaceOrientationPortrait UIInterfaceOrientationPortraitUpsideDown UIInterfaceOrientationLandscapeLeft UIInterfaceOrientationLandscapeRight";
				INFOPLIST_KEY_UISupportedInterfaceOrientations_iPhone = "UIInterfaceOrientationPortrait UIInterfaceOrientationLandscapeLeft UIInterfaceOrientationLandscapeRight";
				IPHONEOS_DEPLOYMENT_TARGET = 15.0;
				LD_RUNPATH_SEARCH_PATHS = "@executable_path/Frameworks";
				"LD_RUNPATH_SEARCH_PATHS[sdk=macosx*]" = "@executable_path/../Frameworks";
				MACOSX_DEPLOYMENT_TARGET = 12.5;
				MARKETING_VERSION = 1.0;
				PRODUCT_BUNDLE_IDENTIFIER = LyGiaQuyen.LyGiaQuyenNotes;
				PRODUCT_NAME = "$(TARGET_NAME)";
				PROVISIONING_PROFILE_SPECIFIER = "";
				SDKROOT = auto;
				SUPPORTED_PLATFORMS = "iphoneos iphonesimulator";
				SUPPORTS_MACCATALYST = NO;
				SUPPORTS_MAC_DESIGNED_FOR_IPHONE_IPAD = NO;
				SWIFT_EMIT_LOC_STRINGS = YES;
				SWIFT_VERSION = 5.0;
				TARGETED_DEVICE_FAMILY = "1,2";
			};
			name = Release;
		};
		B548B0302A4307EB002CD580 /* Debug */ = {
			isa = XCBuildConfiguration;
			buildSettings = {
				ALWAYS_EMBED_SWIFT_STANDARD_LIBRARIES = YES;
				BUNDLE_LOADER = "$(TEST_HOST)";
				CODE_SIGN_STYLE = Automatic;
				CURRENT_PROJECT_VERSION = 1;
				GENERATE_INFOPLIST_FILE = YES;
				IPHONEOS_DEPLOYMENT_TARGET = 16.2;
				MACOSX_DEPLOYMENT_TARGET = 12.5;
				MARKETING_VERSION = 1.0;
				PRODUCT_BUNDLE_IDENTIFIER = LyGiaQuyen.LyGiaQuyenNotesTests;
				PRODUCT_NAME = "$(TARGET_NAME)";
				SDKROOT = auto;
				SUPPORTED_PLATFORMS = "iphoneos iphonesimulator macosx";
				SWIFT_EMIT_LOC_STRINGS = NO;
				SWIFT_VERSION = 5.0;
				TARGETED_DEVICE_FAMILY = "1,2";
				TEST_HOST = "$(BUILT_PRODUCTS_DIR)/LyGiaQuyenNotes.app/$(BUNDLE_EXECUTABLE_FOLDER_PATH)/LyGiaQuyenNotes";
			};
			name = Debug;
		};
		B548B0312A4307EB002CD580 /* Release */ = {
			isa = XCBuildConfiguration;
			buildSettings = {
				ALWAYS_EMBED_SWIFT_STANDARD_LIBRARIES = YES;
				BUNDLE_LOADER = "$(TEST_HOST)";
				CODE_SIGN_STYLE = Automatic;
				CURRENT_PROJECT_VERSION = 1;
				GENERATE_INFOPLIST_FILE = YES;
				IPHONEOS_DEPLOYMENT_TARGET = 16.2;
				MACOSX_DEPLOYMENT_TARGET = 12.5;
				MARKETING_VERSION = 1.0;
				PRODUCT_BUNDLE_IDENTIFIER = LyGiaQuyen.LyGiaQuyenNotesTests;
				PRODUCT_NAME = "$(TARGET_NAME)";
				SDKROOT = auto;
				SUPPORTED_PLATFORMS = "iphoneos iphonesimulator macosx";
				SWIFT_EMIT_LOC_STRINGS = NO;
				SWIFT_VERSION = 5.0;
				TARGETED_DEVICE_FAMILY = "1,2";
				TEST_HOST = "$(BUILT_PRODUCTS_DIR)/LyGiaQuyenNotes.app/$(BUNDLE_EXECUTABLE_FOLDER_PATH)/LyGiaQuyenNotes";
			};
			name = Release;
		};
		B548B0332A4307EB002CD580 /* Debug */ = {
			isa = XCBuildConfiguration;
			buildSettings = {
				ALWAYS_EMBED_SWIFT_STANDARD_LIBRARIES = YES;
				CODE_SIGN_STYLE = Automatic;
				CURRENT_PROJECT_VERSION = 1;
				GENERATE_INFOPLIST_FILE = YES;
				IPHONEOS_DEPLOYMENT_TARGET = 16.2;
				MACOSX_DEPLOYMENT_TARGET = 12.5;
				MARKETING_VERSION = 1.0;
				PRODUCT_BUNDLE_IDENTIFIER = LyGiaQuyen.LyGiaQuyenNotesUITests;
				PRODUCT_NAME = "$(TARGET_NAME)";
				SDKROOT = auto;
				SUPPORTED_PLATFORMS = "iphoneos iphonesimulator macosx";
				SWIFT_EMIT_LOC_STRINGS = NO;
				SWIFT_VERSION = 5.0;
				TARGETED_DEVICE_FAMILY = "1,2";
				TEST_TARGET_NAME = LyGiaQuyenNotes;
			};
			name = Debug;
		};
		B548B0342A4307EB002CD580 /* Release */ = {
			isa = XCBuildConfiguration;
			buildSettings = {
				ALWAYS_EMBED_SWIFT_STANDARD_LIBRARIES = YES;
				CODE_SIGN_STYLE = Automatic;
				CURRENT_PROJECT_VERSION = 1;
				GENERATE_INFOPLIST_FILE = YES;
				IPHONEOS_DEPLOYMENT_TARGET = 16.2;
				MACOSX_DEPLOYMENT_TARGET = 12.5;
				MARKETING_VERSION = 1.0;
				PRODUCT_BUNDLE_IDENTIFIER = LyGiaQuyen.LyGiaQuyenNotesUITests;
				PRODUCT_NAME = "$(TARGET_NAME)";
				SDKROOT = auto;
				SUPPORTED_PLATFORMS = "iphoneos iphonesimulator macosx";
				SWIFT_EMIT_LOC_STRINGS = NO;
				SWIFT_VERSION = 5.0;
				TARGETED_DEVICE_FAMILY = "1,2";
				TEST_TARGET_NAME = LyGiaQuyenNotes;
			};
			name = Release;
		};
/* End XCBuildConfiguration section */

/* Begin XCConfigurationList section */
		B548B0022A4307E9002CD580 /* Build configuration list for PBXProject "LyGiaQuyenNotes" */ = {
			isa = XCConfigurationList;
			buildConfigurations = (
				B548B02A2A4307EB002CD580 /* Debug */,
				B548B02B2A4307EB002CD580 /* Release */,
			);
			defaultConfigurationIsVisible = 0;
			defaultConfigurationName = Release;
		};
		B548B02C2A4307EB002CD580 /* Build configuration list for PBXNativeTarget "LyGiaQuyenNotes" */ = {
			isa = XCConfigurationList;
			buildConfigurations = (
				B548B02D2A4307EB002CD580 /* Debug */,
				B548B02E2A4307EB002CD580 /* Release */,
			);
			defaultConfigurationIsVisible = 0;
			defaultConfigurationName = Release;
		};
		B548B02F2A4307EB002CD580 /* Build configuration list for PBXNativeTarget "LyGiaQuyenNotesTests" */ = {
			isa = XCConfigurationList;
			buildConfigurations = (
				B548B0302A4307EB002CD580 /* Debug */,
				B548B0312A4307EB002CD580 /* Release */,
			);
			defaultConfigurationIsVisible = 0;
			defaultConfigurationName = Release;
		};
		B548B0322A4307EB002CD580 /* Build configuration list for PBXNativeTarget "LyGiaQuyenNotesUITests" */ = {
			isa = XCConfigurationList;
			buildConfigurations = (
				B548B0332A4307EB002CD580 /* Debug */,
				B548B0342A4307EB002CD580 /* Release */,
			);
			defaultConfigurationIsVisible = 0;
			defaultConfigurationName = Release;
		};
/* End XCConfigurationList section */

/* Begin XCRemoteSwiftPackageReference section */
		B56663882A449F72007FA9DA /* XCRemoteSwiftPackageReference "firebase-ios-sdk" */ = {
			isa = XCRemoteSwiftPackageReference;
			repositoryURL = "https://github.com/firebase/firebase-ios-sdk";
			requirement = {
				kind = exactVersion;
				version = 10.0.0;
			};
		};
/* End XCRemoteSwiftPackageReference section */

/* Begin XCSwiftPackageProductDependency section */
		B56663892A449F72007FA9DA /* FirebaseAuth */ = {
			isa = XCSwiftPackageProductDependency;
			package = B56663882A449F72007FA9DA /* XCRemoteSwiftPackageReference "firebase-ios-sdk" */;
			productName = FirebaseAuth;
		};
		B566638B2A449F72007FA9DA /* FirebaseDatabase */ = {
			isa = XCSwiftPackageProductDependency;
			package = B56663882A449F72007FA9DA /* XCRemoteSwiftPackageReference "firebase-ios-sdk" */;
			productName = FirebaseDatabase;
		};
		B575004B2A47DF3800266058 /* FirebaseAuth */ = {
			isa = XCSwiftPackageProductDependency;
			package = B56663882A449F72007FA9DA /* XCRemoteSwiftPackageReference "firebase-ios-sdk" */;
			productName = FirebaseAuth;
		};
		B575004D2A47DF3B00266058 /* FirebaseDatabase */ = {
			isa = XCSwiftPackageProductDependency;
			package = B56663882A449F72007FA9DA /* XCRemoteSwiftPackageReference "firebase-ios-sdk" */;
			productName = FirebaseDatabase;
		};
		B5CB5FF42A46FDF300E5C4B9 /* FirebaseAuth */ = {
			isa = XCSwiftPackageProductDependency;
			package = B56663882A449F72007FA9DA /* XCRemoteSwiftPackageReference "firebase-ios-sdk" */;
			productName = FirebaseAuth;
		};
		B5CB5FF82A46FE1900E5C4B9 /* FirebaseDatabase */ = {
			isa = XCSwiftPackageProductDependency;
			package = B56663882A449F72007FA9DA /* XCRemoteSwiftPackageReference "firebase-ios-sdk" */;
			productName = FirebaseDatabase;
		};
/* End XCSwiftPackageProductDependency section */
	};
	rootObject = B548AFFF2A4307E9002CD580 /* Project object */;
}
